
Microsoft Visual Studio Solution File, Format Version 12.00
# Visual Studio Version 17
VisualStudioVersion = 17.4.33205.214
MinimumVisualStudioVersion = 10.0.40219.1
Project("{FAE04EC0-301F-11D3-BF4B-00C04F79EFBC}") = "MonoEngine", "MonoEngine\MonoEngine.csproj", "{D4BD4915-6C9A-490C-8F0D-887AAA68ECB5}"
EndProject
Global
	GlobalSection(SolutionConfigurationPlatforms) = preSolution
		Debug|Any CPU = Debug|Any CPU
		Release|Any CPU = Release|Any CPU
	EndGlobalSection
	GlobalSection(ProjectConfigurationPlatforms) = postSolution
		{D4BD4915-6C9A-490C-8F0D-887AAA68ECB5}.Debug|Any CPU.ActiveCfg = Debug|Any CPU
		{D4BD4915-6C9A-490C-8F0D-887AAA68ECB5}.Debug|Any CPU.Build.0 = Debug|Any CPU
		{D4BD4915-6C9A-490C-8F0D-887AAA68ECB5}.Release|Any CPU.ActiveCfg = Release|Any CPU
		{D4BD4915-6C9A-490C-8F0D-887AAA68ECB5}.Release|Any CPU.Build.0 = Release|Any CPU
	EndGlobalSection
	GlobalSection(SolutionProperties) = preSolution
		HideSolutionNode = FALSE
	EndGlobalSection
	GlobalSection(ExtensibilityGlobals) = postSolution
		SolutionGuid = {9D8D11FD-412C-4EB9-BE9B-B05341532D0E}
	EndGlobalSection
EndGlobal
